
Microsoft Visual Studio Solution File, Format Version 12.00
# Visual Studio Version 17
VisualStudioVersion = 17.1.32407.343
MinimumVisualStudioVersion = 10.0.40219.1
Project("{2150E333-8FDC-42A3-9474-1A3956D46DE8}") = "01Module", "01Module", "{F0577858-4C22-4CC1-992F-293DB483B442}"
EndProject
Project("{2150E333-8FDC-42A3-9474-1A3956D46DE8}") = "02Dbs", "02Dbs", "{6169B65D-DB97-4007-BCE9-FCE6F058096D}"
EndProject
Project("{9A19103F-16F7-4668-BE54-9A1E7A4F7556}") = "Udx.Dbs.Shared", "src\Udx\Udx.Dbs.Shared\Udx.Dbs.Shared.csproj", "{1DF7C1BB-4032-459A-A094-857E0E08F036}"
EndProject
Project("{9A19103F-16F7-4668-BE54-9A1E7A4F7556}") = "Udx.Dbs", "src\Udx\Udx.Dbs\Udx.Dbs.csproj", "{A571FFCD-814F-43A1-A96C-2A52C1BEFAD1}"
EndProject
Project("{9A19103F-16F7-4668-BE54-9A1E7A4F7556}") = "Udx.Admin", "src\Admin\Udx.Admin\Udx.Admin.csproj", "{0C822995-9137-42D9-8C4C-171D342EF4B4}"
EndProject
Project("{9A19103F-16F7-4668-BE54-9A1E7A4F7556}") = "Udx.Admin.App", "src\Admin\Udx.Admin.App\Udx.Admin.App.csproj", "{7325FB88-5EC1-494E-98ED-F20AAAB175CD}"
EndProject
Project("{9A19103F-16F7-4668-BE54-9A1E7A4F7556}") = "Udx.Admin.Components", "src\Admin\Udx.Admin.Components\Udx.Admin.Components.csproj", "{FB7B0A19-1967-445B-85F0-7582B87A79A7}"
EndProject
Project("{9A19103F-16F7-4668-BE54-9A1E7A4F7556}") = "Udx.Admin.Shared", "src\Admin\Udx.Admin.Shared\Udx.Admin.Shared.csproj", "{0B289CDB-1001-41D0-A06E-759AECCF5995}"
EndProject
Project("{9A19103F-16F7-4668-BE54-9A1E7A4F7556}") = "Udx.Cms", "src\Cms\Udx.Cms\Udx.Cms.csproj", "{85CB3BE5-A126-452D-986D-3D1E4843D1E8}"
EndProject
Project("{9A19103F-16F7-4668-BE54-9A1E7A4F7556}") = "Udx.Cms.App", "src\Cms\Udx.Cms.App\Udx.Cms.App.csproj", "{869D3EEF-2181-4DCF-9A29-8F8454E92A49}"
EndProject
Project("{9A19103F-16F7-4668-BE54-9A1E7A4F7556}") = "Udx.Cms.Shared", "src\Cms\Udx.Cms.Shared\Udx.Cms.Shared.csproj", "{4A713132-25E1-4356-B631-1E90037C6CA8}"
EndProject
Project("{2150E333-8FDC-42A3-9474-1A3956D46DE8}") = "03Client", "03Client", "{6A1570F8-079E-4B18-B5C8-D8EEEDFF3F6A}"
EndProject
Project("{9A19103F-16F7-4668-BE54-9A1E7A4F7556}") = "Udx.Client", "src\Udx\Udx.Client\Udx.Client.csproj", "{4F389312-A503-4A1E-A9F6-54B89C69C90F}"
EndProject
Project("{9A19103F-16F7-4668-BE54-9A1E7A4F7556}") = "Udx.ClientServer", "src\Udx\Udx.ClientServer\Udx.ClientServer.csproj", "{8D9C8258-E16D-4454-B1A3-0E3535B435EF}"
EndProject
Project("{2150E333-8FDC-42A3-9474-1A3956D46DE8}") = "Admin", "Admin", "{B7E7565E-429D-4049-B8B7-76363256FE88}"
EndProject
Project("{2150E333-8FDC-42A3-9474-1A3956D46DE8}") = "Cms", "Cms", "{68561EE9-E5B6-4BBA-861B-C7FF02EF0BD7}"
EndProject
Project("{9A19103F-16F7-4668-BE54-9A1E7A4F7556}") = "Udx.Server", "src\Udx\Udx.Server\Udx.Server.csproj", "{7DD1DD11-0377-4F76-9D67-23317E4B3283}"
EndProject
Project("{2150E333-8FDC-42A3-9474-1A3956D46DE8}") = "Solution Items", "Solution Items", "{308B002B-9DAC-4BDE-BA1E-C6C8FC0C7A50}"
	ProjectSection(SolutionItems) = preProject
		README.md = README.md
	EndProjectSection
EndProject
Project("{2150E333-8FDC-42A3-9474-1A3956D46DE8}") = "src", "src", "{495165A9-5F01-41BF-9273-0F5C96C33A4C}"
EndProject
Global
	GlobalSection(SolutionConfigurationPlatforms) = preSolution
		Debug|Any CPU = Debug|Any CPU
		Release|Any CPU = Release|Any CPU
	EndGlobalSection
	GlobalSection(ProjectConfigurationPlatforms) = postSolution
		{1DF7C1BB-4032-459A-A094-857E0E08F036}.Debug|Any CPU.ActiveCfg = Debug|Any CPU
		{1DF7C1BB-4032-459A-A094-857E0E08F036}.Debug|Any CPU.Build.0 = Debug|Any CPU
		{1DF7C1BB-4032-459A-A094-857E0E08F036}.Release|Any CPU.ActiveCfg = Release|Any CPU
		{1DF7C1BB-4032-459A-A094-857E0E08F036}.Release|Any CPU.Build.0 = Release|Any CPU
		{A571FFCD-814F-43A1-A96C-2A52C1BEFAD1}.Debug|Any CPU.ActiveCfg = Debug|Any CPU
		{A571FFCD-814F-43A1-A96C-2A52C1BEFAD1}.Debug|Any CPU.Build.0 = Debug|Any CPU
		{A571FFCD-814F-43A1-A96C-2A52C1BEFAD1}.Release|Any CPU.ActiveCfg = Release|Any CPU
		{A571FFCD-814F-43A1-A96C-2A52C1BEFAD1}.Release|Any CPU.Build.0 = Release|Any CPU
		{0C822995-9137-42D9-8C4C-171D342EF4B4}.Debug|Any CPU.ActiveCfg = Debug|Any CPU
		{0C822995-9137-42D9-8C4C-171D342EF4B4}.Debug|Any CPU.Build.0 = Debug|Any CPU
		{0C822995-9137-42D9-8C4C-171D342EF4B4}.Release|Any CPU.ActiveCfg = Release|Any CPU
		{0C822995-9137-42D9-8C4C-171D342EF4B4}.Release|Any CPU.Build.0 = Release|Any CPU
		{7325FB88-5EC1-494E-98ED-F20AAAB175CD}.Debug|Any CPU.ActiveCfg = Debug|Any CPU
		{7325FB88-5EC1-494E-98ED-F20AAAB175CD}.Debug|Any CPU.Build.0 = Debug|Any CPU
		{7325FB88-5EC1-494E-98ED-F20AAAB175CD}.Release|Any CPU.ActiveCfg = Release|Any CPU
		{7325FB88-5EC1-494E-98ED-F20AAAB175CD}.Release|Any CPU.Build.0 = Release|Any CPU
		{FB7B0A19-1967-445B-85F0-7582B87A79A7}.Debug|Any CPU.ActiveCfg = Debug|Any CPU
		{FB7B0A19-1967-445B-85F0-7582B87A79A7}.Debug|Any CPU.Build.0 = Debug|Any CPU
		{FB7B0A19-1967-445B-85F0-7582B87A79A7}.Release|Any CPU.ActiveCfg = Release|Any CPU
		{FB7B0A19-1967-445B-85F0-7582B87A79A7}.Release|Any CPU.Build.0 = Release|Any CPU
		{0B289CDB-1001-41D0-A06E-759AECCF5995}.Debug|Any CPU.ActiveCfg = Debug|Any CPU
		{0B289CDB-1001-41D0-A06E-759AECCF5995}.Debug|Any CPU.Build.0 = Debug|Any CPU
		{0B289CDB-1001-41D0-A06E-759AECCF5995}.Release|Any CPU.ActiveCfg = Release|Any CPU
		{0B289CDB-1001-41D0-A06E-759AECCF5995}.Release|Any CPU.Build.0 = Release|Any CPU
		{85CB3BE5-A126-452D-986D-3D1E4843D1E8}.Debug|Any CPU.ActiveCfg = Debug|Any CPU
		{85CB3BE5-A126-452D-986D-3D1E4843D1E8}.Debug|Any CPU.Build.0 = Debug|Any CPU
		{85CB3BE5-A126-452D-986D-3D1E4843D1E8}.Release|Any CPU.ActiveCfg = Release|Any CPU
		{85CB3BE5-A126-452D-986D-3D1E4843D1E8}.Release|Any CPU.Build.0 = Release|Any CPU
		{869D3EEF-2181-4DCF-9A29-8F8454E92A49}.Debug|Any CPU.ActiveCfg = Debug|Any CPU
		{869D3EEF-2181-4DCF-9A29-8F8454E92A49}.Debug|Any CPU.Build.0 = Debug|Any CPU
		{869D3EEF-2181-4DCF-9A29-8F8454E92A49}.Release|Any CPU.ActiveCfg = Release|Any CPU
		{869D3EEF-2181-4DCF-9A29-8F8454E92A49}.Release|Any CPU.Build.0 = Release|Any CPU
		{4A713132-25E1-4356-B631-1E90037C6CA8}.Debug|Any CPU.ActiveCfg = Debug|Any CPU
		{4A713132-25E1-4356-B631-1E90037C6CA8}.Debug|Any CPU.Build.0 = Debug|Any CPU
		{4A713132-25E1-4356-B631-1E90037C6CA8}.Release|Any CPU.ActiveCfg = Release|Any CPU
		{4A713132-25E1-4356-B631-1E90037C6CA8}.Release|Any CPU.Build.0 = Release|Any CPU
		{4F389312-A503-4A1E-A9F6-54B89C69C90F}.Debug|Any CPU.ActiveCfg = Debug|Any CPU
		{4F389312-A503-4A1E-A9F6-54B89C69C90F}.Debug|Any CPU.Build.0 = Debug|Any CPU
		{4F389312-A503-4A1E-A9F6-54B89C69C90F}.Release|Any CPU.ActiveCfg = Release|Any CPU
		{4F389312-A503-4A1E-A9F6-54B89C69C90F}.Release|Any CPU.Build.0 = Release|Any CPU
		{8D9C8258-E16D-4454-B1A3-0E3535B435EF}.Debug|Any CPU.ActiveCfg = Debug|Any CPU
		{8D9C8258-E16D-4454-B1A3-0E3535B435EF}.Debug|Any CPU.Build.0 = Debug|Any CPU
		{8D9C8258-E16D-4454-B1A3-0E3535B435EF}.Release|Any CPU.ActiveCfg = Release|Any CPU
		{8D9C8258-E16D-4454-B1A3-0E3535B435EF}.Release|Any CPU.Build.0 = Release|Any CPU
		{7DD1DD11-0377-4F76-9D67-23317E4B3283}.Debug|Any CPU.ActiveCfg = Debug|Any CPU
		{7DD1DD11-0377-4F76-9D67-23317E4B3283}.Debug|Any CPU.Build.0 = Debug|Any CPU
		{7DD1DD11-0377-4F76-9D67-23317E4B3283}.Release|Any CPU.ActiveCfg = Release|Any CPU
		{7DD1DD11-0377-4F76-9D67-23317E4B3283}.Release|Any CPU.Build.0 = Release|Any CPU
	EndGlobalSection
	GlobalSection(SolutionProperties) = preSolution
		HideSolutionNode = FALSE
	EndGlobalSection
	GlobalSection(NestedProjects) = preSolution
		{F0577858-4C22-4CC1-992F-293DB483B442} = {495165A9-5F01-41BF-9273-0F5C96C33A4C}
		{6169B65D-DB97-4007-BCE9-FCE6F058096D} = {495165A9-5F01-41BF-9273-0F5C96C33A4C}
		{1DF7C1BB-4032-459A-A094-857E0E08F036} = {6169B65D-DB97-4007-BCE9-FCE6F058096D}
		{A571FFCD-814F-43A1-A96C-2A52C1BEFAD1} = {6169B65D-DB97-4007-BCE9-FCE6F058096D}
		{0C822995-9137-42D9-8C4C-171D342EF4B4} = {B7E7565E-429D-4049-B8B7-76363256FE88}
		{7325FB88-5EC1-494E-98ED-F20AAAB175CD} = {B7E7565E-429D-4049-B8B7-76363256FE88}
		{FB7B0A19-1967-445B-85F0-7582B87A79A7} = {B7E7565E-429D-4049-B8B7-76363256FE88}
		{0B289CDB-1001-41D0-A06E-759AECCF5995} = {B7E7565E-429D-4049-B8B7-76363256FE88}
		{85CB3BE5-A126-452D-986D-3D1E4843D1E8} = {68561EE9-E5B6-4BBA-861B-C7FF02EF0BD7}
		{869D3EEF-2181-4DCF-9A29-8F8454E92A49} = {68561EE9-E5B6-4BBA-861B-C7FF02EF0BD7}
		{4A713132-25E1-4356-B631-1E90037C6CA8} = {68561EE9-E5B6-4BBA-861B-C7FF02EF0BD7}
		{6A1570F8-079E-4B18-B5C8-D8EEEDFF3F6A} = {495165A9-5F01-41BF-9273-0F5C96C33A4C}
		{4F389312-A503-4A1E-A9F6-54B89C69C90F} = {6A1570F8-079E-4B18-B5C8-D8EEEDFF3F6A}
		{8D9C8258-E16D-4454-B1A3-0E3535B435EF} = {6A1570F8-079E-4B18-B5C8-D8EEEDFF3F6A}
		{B7E7565E-429D-4049-B8B7-76363256FE88} = {F0577858-4C22-4CC1-992F-293DB483B442}
		{68561EE9-E5B6-4BBA-861B-C7FF02EF0BD7} = {F0577858-4C22-4CC1-992F-293DB483B442}
		{7DD1DD11-0377-4F76-9D67-23317E4B3283} = {6A1570F8-079E-4B18-B5C8-D8EEEDFF3F6A}
	EndGlobalSection
	GlobalSection(ExtensibilityGlobals) = postSolution
		SolutionGuid = {49B6914C-130D-41F4-A40B-2CE865A5B26A}
	EndGlobalSection
EndGlobal
